// !$*UTF8*$!
{
	archiveVersion = 1;
	classes = {
	};
	objectVersion = 56;
	objects = {

/* Begin PBXBuildFile section */
		94FEF6532ADEA75D0037C789 /* AppDelegate.swift in Sources */ = {isa = PBXBuildFile; fileRef = 94FEF6522ADEA75D0037C789 /* AppDelegate.swift */; };
		94FEF6552ADEA75D0037C789 /* SceneDelegate.swift in Sources */ = {isa = PBXBuildFile; fileRef = 94FEF6542ADEA75D0037C789 /* SceneDelegate.swift */; };
		94FEF6572ADEA75D0037C789 /* ViewController.swift in Sources */ = {isa = PBXBuildFile; fileRef = 94FEF6562ADEA75D0037C789 /* ViewController.swift */; };
		94FEF65A2ADEA75D0037C789 /* Main.storyboard in Resources */ = {isa = PBXBuildFile; fileRef = 94FEF6582ADEA75D0037C789 /* Main.storyboard */; };
		94FEF65C2ADEA7610037C789 /* Assets.xcassets in Resources */ = {isa = PBXBuildFile; fileRef = 94FEF65B2ADEA7610037C789 /* Assets.xcassets */; };
		94FEF65F2ADEA7610037C789 /* LaunchScreen.storyboard in Resources */ = {isa = PBXBuildFile; fileRef = 94FEF65D2ADEA7610037C789 /* LaunchScreen.storyboard */; };
		94FEF66A2ADEA7A20037C789 /* Light.swift in Sources */ = {isa = PBXBuildFile; fileRef = 94FEF6692ADEA7A20037C789 /* Light.swift */; };
		94FEF66C2ADEA7B80037C789 /* Uniforms.swift in Sources */ = {isa = PBXBuildFile; fileRef = 94FEF66B2ADEA7B80037C789 /* Uniforms.swift */; };
		94FEF66E2ADEA7D50037C789 /* Vertex.swift in Sources */ = {isa = PBXBuildFile; fileRef = 94FEF66D2ADEA7D50037C789 /* Vertex.swift */; };
		94FEF6712ADEA7FF0037C789 /* float4x4Extension.swift in Sources */ = {isa = PBXBuildFile; fileRef = 94FEF6702ADEA7FF0037C789 /* float4x4Extension.swift */; };
		94FEF6742ADEA82B0037C789 /* Shaders.metal in Sources */ = {isa = PBXBuildFile; fileRef = 94FEF6732ADEA82B0037C789 /* Shaders.metal */; };
		94FEF6772ADEA9230037C789 /* big_grid_chair.usdz in Resources */ = {isa = PBXBuildFile; fileRef = 94FEF6762ADEA9230037C789 /* big_grid_chair.usdz */; };
		94FEF6792ADEA9380037C789 /* black_swivel_desk_chair.usdz in Resources */ = {isa = PBXBuildFile; fileRef = 94FEF6782ADEA9380037C789 /* black_swivel_desk_chair.usdz */; };
		94FEF67B2ADEA9440037C789 /* banded_chevron_rug_8x10.usdz in Resources */ = {isa = PBXBuildFile; fileRef = 94FEF67A2ADEA9440037C789 /* banded_chevron_rug_8x10.usdz */; };
		94FEF67D2ADEA9E90037C789 /* MetalRenderer.swift in Sources */ = {isa = PBXBuildFile; fileRef = 94FEF67C2ADEA9E90037C789 /* MetalRenderer.swift */; };
		94FEF67F2ADEAD100037C789 /* ModelManager.swift in Sources */ = {isa = PBXBuildFile; fileRef = 94FEF67E2ADEAD100037C789 /* ModelManager.swift */; };
		94FEF6812ADEAFFE0037C789 /* ModelConfig.swift in Sources */ = {isa = PBXBuildFile; fileRef = 94FEF6802ADEAFFE0037C789 /* ModelConfig.swift */; };
		94FEF6832ADEB0910037C789 /* VertexData.swift in Sources */ = {isa = PBXBuildFile; fileRef = 94FEF6822ADEB0910037C789 /* VertexData.swift */; };
		94FEF6852ADEB0A50037C789 /* ModelWithData.swift in Sources */ = {isa = PBXBuildFile; fileRef = 94FEF6842ADEB0A50037C789 /* ModelWithData.swift */; };
/* End PBXBuildFile section */

/* Begin PBXFileReference section */
		94FEF64F2ADEA75D0037C789 /* Impressit-Test-Task.app */ = {isa = PBXFileReference; explicitFileType = wrapper.application; includeInIndex = 0; path = "Impressit-Test-Task.app"; sourceTree = BUILT_PRODUCTS_DIR; };
		94FEF6522ADEA75D0037C789 /* AppDelegate.swift */ = {isa = PBXFileReference; lastKnownFileType = sourcecode.swift; path = AppDelegate.swift; sourceTree = "<group>"; };
		94FEF6542ADEA75D0037C789 /* SceneDelegate.swift */ = {isa = PBXFileReference; lastKnownFileType = sourcecode.swift; path = SceneDelegate.swift; sourceTree = "<group>"; };
		94FEF6562ADEA75D0037C789 /* ViewController.swift */ = {isa = PBXFileReference; lastKnownFileType = sourcecode.swift; path = ViewController.swift; sourceTree = "<group>"; };
		94FEF6592ADEA75D0037C789 /* Base */ = {isa = PBXFileReference; lastKnownFileType = file.storyboard; name = Base; path = Base.lproj/Main.storyboard; sourceTree = "<group>"; };
		94FEF65B2ADEA7610037C789 /* Assets.xcassets */ = {isa = PBXFileReference; lastKnownFileType = folder.assetcatalog; path = Assets.xcassets; sourceTree = "<group>"; };
		94FEF65E2ADEA7610037C789 /* Base */ = {isa = PBXFileReference; lastKnownFileType = file.storyboard; name = Base; path = Base.lproj/LaunchScreen.storyboard; sourceTree = "<group>"; };
		94FEF6602ADEA7610037C789 /* Info.plist */ = {isa = PBXFileReference; lastKnownFileType = text.plist.xml; path = Info.plist; sourceTree = "<group>"; };
		94FEF6692ADEA7A20037C789 /* Light.swift */ = {isa = PBXFileReference; lastKnownFileType = sourcecode.swift; path = Light.swift; sourceTree = "<group>"; };
		94FEF66B2ADEA7B80037C789 /* Uniforms.swift */ = {isa = PBXFileReference; lastKnownFileType = sourcecode.swift; path = Uniforms.swift; sourceTree = "<group>"; };
		94FEF66D2ADEA7D50037C789 /* Vertex.swift */ = {isa = PBXFileReference; lastKnownFileType = sourcecode.swift; path = Vertex.swift; sourceTree = "<group>"; };
		94FEF6702ADEA7FF0037C789 /* float4x4Extension.swift */ = {isa = PBXFileReference; lastKnownFileType = sourcecode.swift; path = float4x4Extension.swift; sourceTree = "<group>"; };
		94FEF6732ADEA82B0037C789 /* Shaders.metal */ = {isa = PBXFileReference; lastKnownFileType = sourcecode.metal; path = Shaders.metal; sourceTree = "<group>"; };
		94FEF6762ADEA9230037C789 /* big_grid_chair.usdz */ = {isa = PBXFileReference; lastKnownFileType = file.usdz; path = big_grid_chair.usdz; sourceTree = "<group>"; };
		94FEF6782ADEA9380037C789 /* black_swivel_desk_chair.usdz */ = {isa = PBXFileReference; lastKnownFileType = file.usdz; path = black_swivel_desk_chair.usdz; sourceTree = "<group>"; };
		94FEF67A2ADEA9440037C789 /* banded_chevron_rug_8x10.usdz */ = {isa = PBXFileReference; lastKnownFileType = file.usdz; path = banded_chevron_rug_8x10.usdz; sourceTree = "<group>"; };
		94FEF67C2ADEA9E90037C789 /* MetalRenderer.swift */ = {isa = PBXFileReference; lastKnownFileType = sourcecode.swift; path = MetalRenderer.swift; sourceTree = "<group>"; };
		94FEF67E2ADEAD100037C789 /* ModelManager.swift */ = {isa = PBXFileReference; lastKnownFileType = sourcecode.swift; path = ModelManager.swift; sourceTree = "<group>"; };
		94FEF6802ADEAFFE0037C789 /* ModelConfig.swift */ = {isa = PBXFileReference; lastKnownFileType = sourcecode.swift; path = ModelConfig.swift; sourceTree = "<group>"; };
		94FEF6822ADEB0910037C789 /* VertexData.swift */ = {isa = PBXFileReference; lastKnownFileType = sourcecode.swift; path = VertexData.swift; sourceTree = "<group>"; };
		94FEF6842ADEB0A50037C789 /* ModelWithData.swift */ = {isa = PBXFileReference; lastKnownFileType = sourcecode.swift; path = ModelWithData.swift; sourceTree = "<group>"; };
/* End PBXFileReference section */

/* Begin PBXFrameworksBuildPhase section */
		94FEF64C2ADEA75D0037C789 /* Frameworks */ = {
			isa = PBXFrameworksBuildPhase;
			buildActionMask = 2147483647;
			files = (
			);
			runOnlyForDeploymentPostprocessing = 0;
		};
/* End PBXFrameworksBuildPhase section */

/* Begin PBXGroup section */
		94FEF6462ADEA75D0037C789 = {
			isa = PBXGroup;
			children = (
				94FEF6512ADEA75D0037C789 /* Impressit-Test-Task */,
				94FEF6502ADEA75D0037C789 /* Products */,
			);
			sourceTree = "<group>";
		};
		94FEF6502ADEA75D0037C789 /* Products */ = {
			isa = PBXGroup;
			children = (
				94FEF64F2ADEA75D0037C789 /* Impressit-Test-Task.app */,
			);
			name = Products;
			sourceTree = "<group>";
		};
		94FEF6512ADEA75D0037C789 /* Impressit-Test-Task */ = {
			isa = PBXGroup;
			children = (
				94FEF6522ADEA75D0037C789 /* AppDelegate.swift */,
				94FEF6542ADEA75D0037C789 /* SceneDelegate.swift */,
				94FEF6562ADEA75D0037C789 /* ViewController.swift */,
				94FEF6862ADEBCF00037C789 /* Helpers */,
				94FEF6662ADEA7690037C789 /* Models */,
				94FEF66F2ADEA7EA0037C789 /* Extensions */,
				94FEF6722ADEA81F0037C789 /* Shaders */,
				94FEF6752ADEA90C0037C789 /* Resources */,
				94FEF6582ADEA75D0037C789 /* Main.storyboard */,
				94FEF65B2ADEA7610037C789 /* Assets.xcassets */,
				94FEF65D2ADEA7610037C789 /* LaunchScreen.storyboard */,
				94FEF6602ADEA7610037C789 /* Info.plist */,
			);
			path = "Impressit-Test-Task";
			sourceTree = "<group>";
		};
		94FEF6662ADEA7690037C789 /* Models */ = {
			isa = PBXGroup;
			children = (
				94FEF66D2ADEA7D50037C789 /* Vertex.swift */,
				94FEF6822ADEB0910037C789 /* VertexData.swift */,
				94FEF6692ADEA7A20037C789 /* Light.swift */,
				94FEF66B2ADEA7B80037C789 /* Uniforms.swift */,
				94FEF6802ADEAFFE0037C789 /* ModelConfig.swift */,
				94FEF6842ADEB0A50037C789 /* ModelWithData.swift */,
			);
			path = Models;
			sourceTree = "<group>";
		};
		94FEF66F2ADEA7EA0037C789 /* Extensions */ = {
			isa = PBXGroup;
			children = (
				94FEF6702ADEA7FF0037C789 /* float4x4Extension.swift */,
			);
			path = Extensions;
			sourceTree = "<group>";
		};
		94FEF6722ADEA81F0037C789 /* Shaders */ = {
			isa = PBXGroup;
			children = (
				94FEF6732ADEA82B0037C789 /* Shaders.metal */,
			);
			path = Shaders;
			sourceTree = "<group>";
		};
		94FEF6752ADEA90C0037C789 /* Resources */ = {
			isa = PBXGroup;
			children = (
				94FEF67A2ADEA9440037C789 /* banded_chevron_rug_8x10.usdz */,
				94FEF6782ADEA9380037C789 /* black_swivel_desk_chair.usdz */,
				94FEF6762ADEA9230037C789 /* big_grid_chair.usdz */,
			);
			path = Resources;
			sourceTree = "<group>";
		};
		94FEF6862ADEBCF00037C789 /* Helpers */ = {
			isa = PBXGroup;
			children = (
				94FEF67C2ADEA9E90037C789 /* MetalRenderer.swift */,
				94FEF67E2ADEAD100037C789 /* ModelManager.swift */,
			);
			path = Helpers;
			sourceTree = "<group>";
		};
/* End PBXGroup section */

/* Begin PBXNativeTarget section */
		94FEF64E2ADEA75D0037C789 /* Impressit-Test-Task */ = {
			isa = PBXNativeTarget;
			buildConfigurationList = 94FEF6632ADEA7610037C789 /* Build configuration list for PBXNativeTarget "Impressit-Test-Task" */;
			buildPhases = (
				94FEF64B2ADEA75D0037C789 /* Sources */,
				94FEF64C2ADEA75D0037C789 /* Frameworks */,
				94FEF64D2ADEA75D0037C789 /* Resources */,
			);
			buildRules = (
			);
			dependencies = (
			);
			name = "Impressit-Test-Task";
			productName = "Impressit-Test-Task";
			productReference = 94FEF64F2ADEA75D0037C789 /* Impressit-Test-Task.app */;
			productType = "com.apple.product-type.application";
		};
/* End PBXNativeTarget section */

/* Begin PBXProject section */
		94FEF6472ADEA75D0037C789 /* Project object */ = {
			isa = PBXProject;
			attributes = {
				BuildIndependentTargetsInParallel = 1;
				LastSwiftUpdateCheck = 1430;
				LastUpgradeCheck = 1430;
				TargetAttributes = {
					94FEF64E2ADEA75D0037C789 = {
						CreatedOnToolsVersion = 14.3.1;
					};
				};
			};
			buildConfigurationList = 94FEF64A2ADEA75D0037C789 /* Build configuration list for PBXProject "Impressit-Test-Task" */;
			compatibilityVersion = "Xcode 14.0";
			developmentRegion = en;
			hasScannedForEncodings = 0;
			knownRegions = (
				en,
				Base,
			);
			mainGroup = 94FEF6462ADEA75D0037C789;
			productRefGroup = 94FEF6502ADEA75D0037C789 /* Products */;
			projectDirPath = "";
			projectRoot = "";
			targets = (
				94FEF64E2ADEA75D0037C789 /* Impressit-Test-Task */,
			);
		};
/* End PBXProject section */

/* Begin PBXResourcesBuildPhase section */
		94FEF64D2ADEA75D0037C789 /* Resources */ = {
			isa = PBXResourcesBuildPhase;
			buildActionMask = 2147483647;
			files = (
				94FEF6772ADEA9230037C789 /* big_grid_chair.usdz in Resources */,
				94FEF65F2ADEA7610037C789 /* LaunchScreen.storyboard in Resources */,
				94FEF65C2ADEA7610037C789 /* Assets.xcassets in Resources */,
				94FEF6792ADEA9380037C789 /* black_swivel_desk_chair.usdz in Resources */,
				94FEF65A2ADEA75D0037C789 /* Main.storyboard in Resources */,
				94FEF67B2ADEA9440037C789 /* banded_chevron_rug_8x10.usdz in Resources */,
			);
			runOnlyForDeploymentPostprocessing = 0;
		};
/* End PBXResourcesBuildPhase section */

/* Begin PBXSourcesBuildPhase section */
		94FEF64B2ADEA75D0037C789 /* Sources */ = {
			isa = PBXSourcesBuildPhase;
			buildActionMask = 2147483647;
			files = (
				94FEF6742ADEA82B0037C789 /* Shaders.metal in Sources */,
				94FEF6712ADEA7FF0037C789 /* float4x4Extension.swift in Sources */,
				94FEF6572ADEA75D0037C789 /* ViewController.swift in Sources */,
				94FEF6532ADEA75D0037C789 /* AppDelegate.swift in Sources */,
				94FEF6852ADEB0A50037C789 /* ModelWithData.swift in Sources */,
				94FEF66A2ADEA7A20037C789 /* Light.swift in Sources */,
				94FEF67D2ADEA9E90037C789 /* MetalRenderer.swift in Sources */,
				94FEF6552ADEA75D0037C789 /* SceneDelegate.swift in Sources */,
				94FEF67F2ADEAD100037C789 /* ModelManager.swift in Sources */,
				94FEF66C2ADEA7B80037C789 /* Uniforms.swift in Sources */,
				94FEF6812ADEAFFE0037C789 /* ModelConfig.swift in Sources */,
				94FEF66E2ADEA7D50037C789 /* Vertex.swift in Sources */,
				94FEF6832ADEB0910037C789 /* VertexData.swift in Sources */,
			);
			runOnlyForDeploymentPostprocessing = 0;
		};
/* End PBXSourcesBuildPhase section */

/* Begin PBXVariantGroup section */
		94FEF6582ADEA75D0037C789 /* Main.storyboard */ = {
			isa = PBXVariantGroup;
			children = (
				94FEF6592ADEA75D0037C789 /* Base */,
			);
			name = Main.storyboard;
			sourceTree = "<group>";
		};
		94FEF65D2ADEA7610037C789 /* LaunchScreen.storyboard */ = {
			isa = PBXVariantGroup;
			children = (
				94FEF65E2ADEA7610037C789 /* Base */,
			);
			name = LaunchScreen.storyboard;
			sourceTree = "<group>";
		};
/* End PBXVariantGroup section */

/* Begin XCBuildConfiguration section */
		94FEF6612ADEA7610037C789 /* Debug */ = {
			isa = XCBuildConfiguration;
			buildSettings = {
				ALWAYS_SEARCH_USER_PATHS = NO;
				CLANG_ANALYZER_NONNULL = YES;
				CLANG_ANALYZER_NUMBER_OBJECT_CONVERSION = YES_AGGRESSIVE;
				CLANG_CXX_LANGUAGE_STANDARD = "gnu++20";
				CLANG_ENABLE_MODULES = YES;
				CLANG_ENABLE_OBJC_ARC = YES;
				CLANG_ENABLE_OBJC_WEAK = YES;
				CLANG_WARN_BLOCK_CAPTURE_AUTORELEASING = YES;
				CLANG_WARN_BOOL_CONVERSION = YES;
				CLANG_WARN_COMMA = YES;
				CLANG_WARN_CONSTANT_CONVERSION = YES;
				CLANG_WARN_DEPRECATED_OBJC_IMPLEMENTATIONS = YES;
				CLANG_WARN_DIRECT_OBJC_ISA_USAGE = YES_ERROR;
				CLANG_WARN_DOCUMENTATION_COMMENTS = YES;
				CLANG_WARN_EMPTY_BODY = YES;
				CLANG_WARN_ENUM_CONVERSION = YES;
				CLANG_WARN_INFINITE_RECURSION = YES;
				CLANG_WARN_INT_CONVERSION = YES;
				CLANG_WARN_NON_LITERAL_NULL_CONVERSION = YES;
				CLANG_WARN_OBJC_IMPLICIT_RETAIN_SELF = YES;
				CLANG_WARN_OBJC_LITERAL_CONVERSION = YES;
				CLANG_WARN_OBJC_ROOT_CLASS = YES_ERROR;
				CLANG_WARN_QUOTED_INCLUDE_IN_FRAMEWORK_HEADER = YES;
				CLANG_WARN_RANGE_LOOP_ANALYSIS = YES;
				CLANG_WARN_STRICT_PROTOTYPES = YES;
				CLANG_WARN_SUSPICIOUS_MOVE = YES;
				CLANG_WARN_UNGUARDED_AVAILABILITY = YES_AGGRESSIVE;
				CLANG_WARN_UNREACHABLE_CODE = YES;
				CLANG_WARN__DUPLICATE_METHOD_MATCH = YES;
				COPY_PHASE_STRIP = NO;
				DEBUG_INFORMATION_FORMAT = dwarf;
				ENABLE_STRICT_OBJC_MSGSEND = YES;
				ENABLE_TESTABILITY = YES;
				GCC_C_LANGUAGE_STANDARD = gnu11;
				GCC_DYNAMIC_NO_PIC = NO;
				GCC_NO_COMMON_BLOCKS = YES;
				GCC_OPTIMIZATION_LEVEL = 0;
				GCC_PREPROCESSOR_DEFINITIONS = (
					"DEBUG=1",
					"$(inherited)",
				);
				GCC_WARN_64_TO_32_BIT_CONVERSION = YES;
				GCC_WARN_ABOUT_RETURN_TYPE = YES_ERROR;
				GCC_WARN_UNDECLARED_SELECTOR = YES;
				GCC_WARN_UNINITIALIZED_AUTOS = YES_AGGRESSIVE;
				GCC_WARN_UNUSED_FUNCTION = YES;
				GCC_WARN_UNUSED_VARIABLE = YES;
				IPHONEOS_DEPLOYMENT_TARGET = 16.4;
				MTL_ENABLE_DEBUG_INFO = INCLUDE_SOURCE;
				MTL_FAST_MATH = YES;
				ONLY_ACTIVE_ARCH = YES;
				SDKROOT = iphoneos;
				SWIFT_ACTIVE_COMPILATION_CONDITIONS = DEBUG;
				SWIFT_OPTIMIZATION_LEVEL = "-Onone";
			};
			name = Debug;
		};
		94FEF6622ADEA7610037C789 /* Release */ = {
			isa = XCBuildConfiguration;
			buildSettings = {
				ALWAYS_SEARCH_USER_PATHS = NO;
				CLANG_ANALYZER_NONNULL = YES;
				CLANG_ANALYZER_NUMBER_OBJECT_CONVERSION = YES_AGGRESSIVE;
				CLANG_CXX_LANGUAGE_STANDARD = "gnu++20";
				CLANG_ENABLE_MODULES = YES;
				CLANG_ENABLE_OBJC_ARC = YES;
				CLANG_ENABLE_OBJC_WEAK = YES;
				CLANG_WARN_BLOCK_CAPTURE_AUTORELEASING = YES;
				CLANG_WARN_BOOL_CONVERSION = YES;
				CLANG_WARN_COMMA = YES;
				CLANG_WARN_CONSTANT_CONVERSION = YES;
				CLANG_WARN_DEPRECATED_OBJC_IMPLEMENTATIONS = YES;
				CLANG_WARN_DIRECT_OBJC_ISA_USAGE = YES_ERROR;
				CLANG_WARN_DOCUMENTATION_COMMENTS = YES;
				CLANG_WARN_EMPTY_BODY = YES;
				CLANG_WARN_ENUM_CONVERSION = YES;
				CLANG_WARN_INFINITE_RECURSION = YES;
				CLANG_WARN_INT_CONVERSION = YES;
				CLANG_WARN_NON_LITERAL_NULL_CONVERSION = YES;
				CLANG_WARN_OBJC_IMPLICIT_RETAIN_SELF = YES;
				CLANG_WARN_OBJC_LITERAL_CONVERSION = YES;
				CLANG_WARN_OBJC_ROOT_CLASS = YES_ERROR;
				CLANG_WARN_QUOTED_INCLUDE_IN_FRAMEWORK_HEADER = YES;
				CLANG_WARN_RANGE_LOOP_ANALYSIS = YES;
				CLANG_WARN_STRICT_PROTOTYPES = YES;
				CLANG_WARN_SUSPICIOUS_MOVE = YES;
				CLANG_WARN_UNGUARDED_AVAILABILITY = YES_AGGRESSIVE;
				CLANG_WARN_UNREACHABLE_CODE = YES;
				CLANG_WARN__DUPLICATE_METHOD_MATCH = YES;
				COPY_PHASE_STRIP = NO;
				DEBUG_INFORMATION_FORMAT = "dwarf-with-dsym";
				ENABLE_NS_ASSERTIONS = NO;
				ENABLE_STRICT_OBJC_MSGSEND = YES;
				GCC_C_LANGUAGE_STANDARD = gnu11;
				GCC_NO_COMMON_BLOCKS = YES;
				GCC_WARN_64_TO_32_BIT_CONVERSION = YES;
				GCC_WARN_ABOUT_RETURN_TYPE = YES_ERROR;
				GCC_WARN_UNDECLARED_SELECTOR = YES;
				GCC_WARN_UNINITIALIZED_AUTOS = YES_AGGRESSIVE;
				GCC_WARN_UNUSED_FUNCTION = YES;
				GCC_WARN_UNUSED_VARIABLE = YES;
				IPHONEOS_DEPLOYMENT_TARGET = 16.4;
				MTL_ENABLE_DEBUG_INFO = NO;
				MTL_FAST_MATH = YES;
				SDKROOT = iphoneos;
				SWIFT_COMPILATION_MODE = wholemodule;
				SWIFT_OPTIMIZATION_LEVEL = "-O";
				VALIDATE_PRODUCT = YES;
			};
			name = Release;
		};
		94FEF6642ADEA7610037C789 /* Debug */ = {
			isa = XCBuildConfiguration;
			buildSettings = {
				ASSETCATALOG_COMPILER_APPICON_NAME = AppIcon;
				ASSETCATALOG_COMPILER_GLOBAL_ACCENT_COLOR_NAME = AccentColor;
				CODE_SIGN_STYLE = Automatic;
				CURRENT_PROJECT_VERSION = 1;
				DEVELOPMENT_TEAM = V28569HS5K;
				GENERATE_INFOPLIST_FILE = YES;
				INFOPLIST_FILE = "Impressit-Test-Task/Info.plist";
				INFOPLIST_KEY_UIApplicationSupportsIndirectInputEvents = YES;
				INFOPLIST_KEY_UILaunchStoryboardName = LaunchScreen;
				INFOPLIST_KEY_UIMainStoryboardFile = Main;
				INFOPLIST_KEY_UISupportedInterfaceOrientations_iPad = "UIInterfaceOrientationPortrait UIInterfaceOrientationPortraitUpsideDown UIInterfaceOrientationLandscapeLeft UIInterfaceOrientationLandscapeRight";
				INFOPLIST_KEY_UISupportedInterfaceOrientations_iPhone = "UIInterfaceOrientationPortrait UIInterfaceOrientationLandscapeLeft UIInterfaceOrientationLandscapeRight";
				LD_RUNPATH_SEARCH_PATHS = (
					"$(inherited)",
					"@executable_path/Frameworks",
				);
				MARKETING_VERSION = 1.0;
				PRODUCT_BUNDLE_IDENTIFIER = "com.vb.Impressit-Test-Task";
				PRODUCT_NAME = "$(TARGET_NAME)";
				SWIFT_EMIT_LOC_STRINGS = YES;
				SWIFT_VERSION = 5.0;
				TARGETED_DEVICE_FAMILY = "1,2";
			};
			name = Debug;
		};
		94FEF6652ADEA7610037C789 /* Release */ = {
			isa = XCBuildConfiguration;
			buildSettings = {
				ASSETCATALOG_COMPILER_APPICON_NAME = AppIcon;
				ASSETCATALOG_COMPILER_GLOBAL_ACCENT_COLOR_NAME = AccentColor;
				CODE_SIGN_STYLE = Automatic;
				CURRENT_PROJECT_VERSION = 1;
				DEVELOPMENT_TEAM = V28569HS5K;
				GENERATE_INFOPLIST_FILE = YES;
				INFOPLIST_FILE = "Impressit-Test-Task/Info.plist";
				INFOPLIST_KEY_UIApplicationSupportsIndirectInputEvents = YES;
				INFOPLIST_KEY_UILaunchStoryboardName = LaunchScreen;
				INFOPLIST_KEY_UIMainStoryboardFile = Main;
				INFOPLIST_KEY_UISupportedInterfaceOrientations_iPad = "UIInterfaceOrientationPortrait UIInterfaceOrientationPortraitUpsideDown UIInterfaceOrientationLandscapeLeft UIInterfaceOrientationLandscapeRight";
				INFOPLIST_KEY_UISupportedInterfaceOrientations_iPhone = "UIInterfaceOrientationPortrait UIInterfaceOrientationLandscapeLeft UIInterfaceOrientationLandscapeRight";
				LD_RUNPATH_SEARCH_PATHS = (
					"$(inherited)",
					"@executable_path/Frameworks",
				);
				MARKETING_VERSION = 1.0;
				PRODUCT_BUNDLE_IDENTIFIER = "com.vb.Impressit-Test-Task";
				PRODUCT_NAME = "$(TARGET_NAME)";
				SWIFT_EMIT_LOC_STRINGS = YES;
				SWIFT_VERSION = 5.0;
				TARGETED_DEVICE_FAMILY = "1,2";
			};
			name = Release;
		};
/* End XCBuildConfiguration section */

/* Begin XCConfigurationList section */
		94FEF64A2ADEA75D0037C789 /* Build configuration list for PBXProject "Impressit-Test-Task" */ = {
			isa = XCConfigurationList;
			buildConfigurations = (
				94FEF6612ADEA7610037C789 /* Debug */,
				94FEF6622ADEA7610037C789 /* Release */,
			);
			defaultConfigurationIsVisible = 0;
			defaultConfigurationName = Release;
		};
		94FEF6632ADEA7610037C789 /* Build configuration list for PBXNativeTarget "Impressit-Test-Task" */ = {
			isa = XCConfigurationList;
			buildConfigurations = (
				94FEF6642ADEA7610037C789 /* Debug */,
				94FEF6652ADEA7610037C789 /* Release */,
			);
			defaultConfigurationIsVisible = 0;
			defaultConfigurationName = Release;
		};
/* End XCConfigurationList section */
	};
	rootObject = 94FEF6472ADEA75D0037C789 /* Project object */;
}
